# This file is automatically @generated by Cargo.
# It is not intended for manual editing.
[[package]]
name = "autocfg"
version = "1.0.0"
source = "registry+https://github.com/rust-lang/crates.io-index"
checksum = "f8aac770f1885fd7e387acedd76065302551364496e46b3dd00860b2f8359b9d"

[[package]]
name = "either"
version = "1.5.3"
source = "registry+https://github.com/rust-lang/crates.io-index"
checksum = "bb1f6b1ce1c140482ea30ddd3335fc0024ac7ee112895426e0a629a6c20adfe3"

[[package]]
name = "erasable"
version = "1.2.1"
dependencies = [
 "autocfg",
 "either",
 "scopeguard",
]

[[package]]
name = "erasable"
version = "1.2.1"
source = "registry+https://github.com/rust-lang/crates.io-index"
checksum = "5f11890ce181d47a64e5d1eb4b6caba0e7bae911a356723740d058a5d0340b7d"
dependencies = [
 "autocfg",
 "scopeguard",
]

[[package]]
name = "paste"
version = "0.1.18"
source = "registry+https://github.com/rust-lang/crates.io-index"
checksum = "45ca20c77d80be666aef2b45486da86238fabe33e38306bd3118fe4af33fa880"
dependencies = [
 "paste-impl",
 "proc-macro-hack",
]

[[package]]
name = "paste-impl"
version = "0.1.18"
source = "registry+https://github.com/rust-lang/crates.io-index"
checksum = "d95a7db200b97ef370c8e6de0088252f7e0dfff7d047a28528e47456c0fc98b6"
dependencies = [
 "proc-macro-hack",
]

[[package]]
name = "proc-macro-hack"
version = "0.5.16"
source = "registry+https://github.com/rust-lang/crates.io-index"
checksum = "7e0456befd48169b9f13ef0f0ad46d492cf9d2dbb918bcf38e01eed4ce3ec5e4"

[[package]]
name = "ptr-union"
version = "2.1.0"
dependencies = [
 "autocfg",
 "erasable 1.2.1",
 "paste",
]

[[package]]
name = "rc-borrow"
version = "1.4.0"
dependencies = [
 "autocfg",
 "erasable 1.2.1",
]

[[package]]
name = "rc-box"
version = "1.1.1"
dependencies = [
 "erasable 1.2.1",
 "slice-dst 1.5.1 (registry+https://github.com/rust-lang/crates.io-index)",
]

[[package]]
name = "scopeguard"
version = "1.1.0"
source = "registry+https://github.com/rust-lang/crates.io-index"
checksum = "d29ab0c6d3fc0ee92fe66e2d99f700eab17a8d57d1c1d3b748380fb20baa78cd"

[[package]]
name = "slice-dst"
version = "1.5.1"
dependencies = [
 "autocfg",
 "erasable 1.2.1",
 "slice-dst-macros",
]

[[package]]
name = "slice-dst"
version = "1.5.1"
source = "registry+https://github.com/rust-lang/crates.io-index"
checksum = "ec1a6721a6d7c2997cea654e3eda6a827432c5dd0a0ed923ddd9b1d691203412"
dependencies = [
 "autocfg",
 "erasable 1.2.1 (registry+https://github.com/rust-lang/crates.io-index)",
]

[[package]]
name = "slice-dst-macros"
version = "0.0.0"
dependencies = [
 "watt",
]

[[package]]
name = "watt"
version = "0.4.0"
source = "registry+https://github.com/rust-lang/crates.io-index"
checksum = "d626c754be194d806f2f496d3ac92470a12ec89df451b3b3f358194803e8f748"
